
Microsoft Visual Studio Solution File, Format Version 12.00
# Visual Studio 14
VisualStudioVersion = 14.0.25420.1
MinimumVisualStudioVersion = 10.0.40219.1
Project("{FAE04EC0-301F-11D3-BF4B-00C04F79EFBC}") = "JgMaschineAuswertung", "JgMaschineAuswertung\JgMaschineAuswertung.csproj", "{7191D4C9-A789-4EC1-B120-2C745781E817}"
EndProject
Project("{FAE04EC0-301F-11D3-BF4B-00C04F79EFBC}") = "JgMaschineLib", "JgMaschineLib\JgMaschineLib.csproj", "{69D6B7E0-6DDC-49A5-A44F-D6BFD607AED3}"
EndProject
Project("{FAE04EC0-301F-11D3-BF4B-00C04F79EFBC}") = "JgMaschineSetup", "JgMaschineSetup\JgMaschineSetup.csproj", "{9A742970-5FD9-47B9-852A-46EAF9007AA5}"
EndProject
Project("{FAE04EC0-301F-11D3-BF4B-00C04F79EFBC}") = "JgMaschineTcpIpTest", "JgMaschineTcpIpTest\JgMaschineTcpIpTest.csproj", "{16D3D90C-8F95-4737-A49A-5425083647B8}"
EndProject
Project("{FAE04EC0-301F-11D3-BF4B-00C04F79EFBC}") = "JgMaschineVerwalten", "JgMaschineVerwalten\JgMaschineVerwalten.csproj", "{CEB05EB3-57C9-4A92-957F-61FDAF66F811}"
EndProject
Project("{FAE04EC0-301F-11D3-BF4B-00C04F79EFBC}") = "JgMaschineWorkflow", "JgMaschineWorkflow\JgMaschineWorkflow.csproj", "{FB256934-BE0C-4632-BAFF-C16858C426A0}"
EndProject
Project("{FAE04EC0-301F-11D3-BF4B-00C04F79EFBC}") = "JgMaschineTest", "JgMaschineTest\JgMaschineTest.csproj", "{E7F5A1E1-EF74-42A9-830E-3CD27060CEDD}"
EndProject
Project("{FAE04EC0-301F-11D3-BF4B-00C04F79EFBC}") = "JgMaschineData", "JgMaschineData\JgMaschineData.csproj", "{6BC109E0-7E70-46EB-9137-5E60E8074CCC}"
EndProject
Project("{FAE04EC0-301F-11D3-BF4B-00C04F79EFBC}") = "JgMaschineService", "JgMaschineService\JgMaschineService.csproj", "{E9CD4FF4-B336-4E43-AC8D-4B8B573D0AFA}"
EndProject
Project("{FAE04EC0-301F-11D3-BF4B-00C04F79EFBC}") = "JgMaschineDbMerge", "JgMaschineDbMerge\JgMaschineDbMerge.csproj", "{6BEE4BFE-BFB0-44D7-ADDE-521505D1B001}"
EndProject
Project("{FAE04EC0-301F-11D3-BF4B-00C04F79EFBC}") = "JgMaschineTestTcpFirmaSchnell", "JgMaschineTestTcpFirmaSchnell\JgMaschineTestTcpFirmaSchnell.csproj", "{50378377-AFAA-453F-84E4-5C57EDBDC866}"
EndProject
Project("{FAE04EC0-301F-11D3-BF4B-00C04F79EFBC}") = "JgMaschineDatafoxLib", "JgMaschineDatafoxLib\JgMaschineDatafoxLib.csproj", "{306F2418-AD6B-449E-8ECE-F35E385EF2E2}"
EndProject
Project("{FAE04EC0-301F-11D3-BF4B-00C04F79EFBC}") = "JgMaschineServiceArbeitszeit", "JgMaschineServiceAbreitszeit\JgMaschineServiceArbeitszeit.csproj", "{4288978C-911D-4162-B21B-68B46ACB627F}"
EndProject
Global
	GlobalSection(SolutionConfigurationPlatforms) = preSolution
		Debug|Any CPU = Debug|Any CPU
		Debug|Mixed Platforms = Debug|Mixed Platforms
		Debug|x64 = Debug|x64
		Debug|x86 = Debug|x86
		Release|Any CPU = Release|Any CPU
		Release|Mixed Platforms = Release|Mixed Platforms
		Release|x64 = Release|x64
		Release|x86 = Release|x86
	EndGlobalSection
	GlobalSection(ProjectConfigurationPlatforms) = postSolution
		{7191D4C9-A789-4EC1-B120-2C745781E817}.Debug|Any CPU.ActiveCfg = Debug|Any CPU
		{7191D4C9-A789-4EC1-B120-2C745781E817}.Debug|Any CPU.Build.0 = Debug|Any CPU
		{7191D4C9-A789-4EC1-B120-2C745781E817}.Debug|Mixed Platforms.ActiveCfg = Debug|Any CPU
		{7191D4C9-A789-4EC1-B120-2C745781E817}.Debug|Mixed Platforms.Build.0 = Debug|Any CPU
		{7191D4C9-A789-4EC1-B120-2C745781E817}.Debug|x64.ActiveCfg = Debug|Any CPU
		{7191D4C9-A789-4EC1-B120-2C745781E817}.Debug|x64.Build.0 = Debug|Any CPU
		{7191D4C9-A789-4EC1-B120-2C745781E817}.Debug|x86.ActiveCfg = Debug|Any CPU
		{7191D4C9-A789-4EC1-B120-2C745781E817}.Debug|x86.Build.0 = Debug|Any CPU
		{7191D4C9-A789-4EC1-B120-2C745781E817}.Release|Any CPU.ActiveCfg = Release|Any CPU
		{7191D4C9-A789-4EC1-B120-2C745781E817}.Release|Any CPU.Build.0 = Release|Any CPU
		{7191D4C9-A789-4EC1-B120-2C745781E817}.Release|Mixed Platforms.ActiveCfg = Release|Any CPU
		{7191D4C9-A789-4EC1-B120-2C745781E817}.Release|Mixed Platforms.Build.0 = Release|Any CPU
		{7191D4C9-A789-4EC1-B120-2C745781E817}.Release|x64.ActiveCfg = Release|Any CPU
		{7191D4C9-A789-4EC1-B120-2C745781E817}.Release|x64.Build.0 = Release|Any CPU
		{7191D4C9-A789-4EC1-B120-2C745781E817}.Release|x86.ActiveCfg = Release|Any CPU
		{7191D4C9-A789-4EC1-B120-2C745781E817}.Release|x86.Build.0 = Release|Any CPU
		{69D6B7E0-6DDC-49A5-A44F-D6BFD607AED3}.Debug|Any CPU.ActiveCfg = Debug|Any CPU
		{69D6B7E0-6DDC-49A5-A44F-D6BFD607AED3}.Debug|Any CPU.Build.0 = Debug|Any CPU
		{69D6B7E0-6DDC-49A5-A44F-D6BFD607AED3}.Debug|Mixed Platforms.ActiveCfg = Debug|Any CPU
		{69D6B7E0-6DDC-49A5-A44F-D6BFD607AED3}.Debug|Mixed Platforms.Build.0 = Debug|Any CPU
		{69D6B7E0-6DDC-49A5-A44F-D6BFD607AED3}.Debug|x64.ActiveCfg = Debug|Any CPU
		{69D6B7E0-6DDC-49A5-A44F-D6BFD607AED3}.Debug|x64.Build.0 = Debug|Any CPU
		{69D6B7E0-6DDC-49A5-A44F-D6BFD607AED3}.Debug|x86.ActiveCfg = Debug|Any CPU
		{69D6B7E0-6DDC-49A5-A44F-D6BFD607AED3}.Debug|x86.Build.0 = Debug|Any CPU
		{69D6B7E0-6DDC-49A5-A44F-D6BFD607AED3}.Release|Any CPU.ActiveCfg = Release|Any CPU
		{69D6B7E0-6DDC-49A5-A44F-D6BFD607AED3}.Release|Any CPU.Build.0 = Release|Any CPU
		{69D6B7E0-6DDC-49A5-A44F-D6BFD607AED3}.Release|Mixed Platforms.ActiveCfg = Release|Any CPU
		{69D6B7E0-6DDC-49A5-A44F-D6BFD607AED3}.Release|Mixed Platforms.Build.0 = Release|Any CPU
		{69D6B7E0-6DDC-49A5-A44F-D6BFD607AED3}.Release|x64.ActiveCfg = Release|Any CPU
		{69D6B7E0-6DDC-49A5-A44F-D6BFD607AED3}.Release|x64.Build.0 = Release|Any CPU
		{69D6B7E0-6DDC-49A5-A44F-D6BFD607AED3}.Release|x86.ActiveCfg = Release|Any CPU
		{69D6B7E0-6DDC-49A5-A44F-D6BFD607AED3}.Release|x86.Build.0 = Release|Any CPU
		{9A742970-5FD9-47B9-852A-46EAF9007AA5}.Debug|Any CPU.ActiveCfg = Debug|Any CPU
		{9A742970-5FD9-47B9-852A-46EAF9007AA5}.Debug|Any CPU.Build.0 = Debug|Any CPU
		{9A742970-5FD9-47B9-852A-46EAF9007AA5}.Debug|Mixed Platforms.ActiveCfg = Debug|Any CPU
		{9A742970-5FD9-47B9-852A-46EAF9007AA5}.Debug|Mixed Platforms.Build.0 = Debug|Any CPU
		{9A742970-5FD9-47B9-852A-46EAF9007AA5}.Debug|x64.ActiveCfg = Debug|Any CPU
		{9A742970-5FD9-47B9-852A-46EAF9007AA5}.Debug|x64.Build.0 = Debug|Any CPU
		{9A742970-5FD9-47B9-852A-46EAF9007AA5}.Debug|x86.ActiveCfg = Debug|Any CPU
		{9A742970-5FD9-47B9-852A-46EAF9007AA5}.Debug|x86.Build.0 = Debug|Any CPU
		{9A742970-5FD9-47B9-852A-46EAF9007AA5}.Release|Any CPU.ActiveCfg = Release|Any CPU
		{9A742970-5FD9-47B9-852A-46EAF9007AA5}.Release|Any CPU.Build.0 = Release|Any CPU
		{9A742970-5FD9-47B9-852A-46EAF9007AA5}.Release|Mixed Platforms.ActiveCfg = Release|Any CPU
		{9A742970-5FD9-47B9-852A-46EAF9007AA5}.Release|Mixed Platforms.Build.0 = Release|Any CPU
		{9A742970-5FD9-47B9-852A-46EAF9007AA5}.Release|x64.ActiveCfg = Release|Any CPU
		{9A742970-5FD9-47B9-852A-46EAF9007AA5}.Release|x64.Build.0 = Release|Any CPU
		{9A742970-5FD9-47B9-852A-46EAF9007AA5}.Release|x86.ActiveCfg = Release|Any CPU
		{9A742970-5FD9-47B9-852A-46EAF9007AA5}.Release|x86.Build.0 = Release|Any CPU
		{16D3D90C-8F95-4737-A49A-5425083647B8}.Debug|Any CPU.ActiveCfg = Debug|Any CPU
		{16D3D90C-8F95-4737-A49A-5425083647B8}.Debug|Any CPU.Build.0 = Debug|Any CPU
		{16D3D90C-8F95-4737-A49A-5425083647B8}.Debug|Mixed Platforms.ActiveCfg = Debug|Any CPU
		{16D3D90C-8F95-4737-A49A-5425083647B8}.Debug|Mixed Platforms.Build.0 = Debug|Any CPU
		{16D3D90C-8F95-4737-A49A-5425083647B8}.Debug|x64.ActiveCfg = Debug|Any CPU
		{16D3D90C-8F95-4737-A49A-5425083647B8}.Debug|x64.Build.0 = Debug|Any CPU
		{16D3D90C-8F95-4737-A49A-5425083647B8}.Debug|x86.ActiveCfg = Debug|Any CPU
		{16D3D90C-8F95-4737-A49A-5425083647B8}.Debug|x86.Build.0 = Debug|Any CPU
		{16D3D90C-8F95-4737-A49A-5425083647B8}.Release|Any CPU.ActiveCfg = Release|Any CPU
		{16D3D90C-8F95-4737-A49A-5425083647B8}.Release|Any CPU.Build.0 = Release|Any CPU
		{16D3D90C-8F95-4737-A49A-5425083647B8}.Release|Mixed Platforms.ActiveCfg = Release|Any CPU
		{16D3D90C-8F95-4737-A49A-5425083647B8}.Release|Mixed Platforms.Build.0 = Release|Any CPU
		{16D3D90C-8F95-4737-A49A-5425083647B8}.Release|x64.ActiveCfg = Release|Any CPU
		{16D3D90C-8F95-4737-A49A-5425083647B8}.Release|x64.Build.0 = Release|Any CPU
		{16D3D90C-8F95-4737-A49A-5425083647B8}.Release|x86.ActiveCfg = Release|Any CPU
		{16D3D90C-8F95-4737-A49A-5425083647B8}.Release|x86.Build.0 = Release|Any CPU
		{CEB05EB3-57C9-4A92-957F-61FDAF66F811}.Debug|Any CPU.ActiveCfg = Debug|Any CPU
		{CEB05EB3-57C9-4A92-957F-61FDAF66F811}.Debug|Any CPU.Build.0 = Debug|Any CPU
		{CEB05EB3-57C9-4A92-957F-61FDAF66F811}.Debug|Mixed Platforms.ActiveCfg = Debug|Any CPU
		{CEB05EB3-57C9-4A92-957F-61FDAF66F811}.Debug|Mixed Platforms.Build.0 = Debug|Any CPU
		{CEB05EB3-57C9-4A92-957F-61FDAF66F811}.Debug|x64.ActiveCfg = Debug|Any CPU
		{CEB05EB3-57C9-4A92-957F-61FDAF66F811}.Debug|x64.Build.0 = Debug|Any CPU
		{CEB05EB3-57C9-4A92-957F-61FDAF66F811}.Debug|x86.ActiveCfg = Debug|Any CPU
		{CEB05EB3-57C9-4A92-957F-61FDAF66F811}.Debug|x86.Build.0 = Debug|Any CPU
		{CEB05EB3-57C9-4A92-957F-61FDAF66F811}.Release|Any CPU.ActiveCfg = Release|Any CPU
		{CEB05EB3-57C9-4A92-957F-61FDAF66F811}.Release|Any CPU.Build.0 = Release|Any CPU
		{CEB05EB3-57C9-4A92-957F-61FDAF66F811}.Release|Mixed Platforms.ActiveCfg = Release|Any CPU
		{CEB05EB3-57C9-4A92-957F-61FDAF66F811}.Release|Mixed Platforms.Build.0 = Release|Any CPU
		{CEB05EB3-57C9-4A92-957F-61FDAF66F811}.Release|x64.ActiveCfg = Release|Any CPU
		{CEB05EB3-57C9-4A92-957F-61FDAF66F811}.Release|x64.Build.0 = Release|Any CPU
		{CEB05EB3-57C9-4A92-957F-61FDAF66F811}.Release|x86.ActiveCfg = Release|Any CPU
		{CEB05EB3-57C9-4A92-957F-61FDAF66F811}.Release|x86.Build.0 = Release|Any CPU
		{FB256934-BE0C-4632-BAFF-C16858C426A0}.Debug|Any CPU.ActiveCfg = Debug|x86
		{FB256934-BE0C-4632-BAFF-C16858C426A0}.Debug|Mixed Platforms.ActiveCfg = Debug|x86
		{FB256934-BE0C-4632-BAFF-C16858C426A0}.Debug|x64.ActiveCfg = Debug|x86
		{FB256934-BE0C-4632-BAFF-C16858C426A0}.Debug|x86.ActiveCfg = Debug|x86
		{FB256934-BE0C-4632-BAFF-C16858C426A0}.Debug|x86.Build.0 = Debug|x86
		{FB256934-BE0C-4632-BAFF-C16858C426A0}.Release|Any CPU.ActiveCfg = Release|x86
		{FB256934-BE0C-4632-BAFF-C16858C426A0}.Release|Mixed Platforms.ActiveCfg = Release|x86
		{FB256934-BE0C-4632-BAFF-C16858C426A0}.Release|x64.ActiveCfg = Release|x86
		{FB256934-BE0C-4632-BAFF-C16858C426A0}.Release|x86.ActiveCfg = Release|x86
		{FB256934-BE0C-4632-BAFF-C16858C426A0}.Release|x86.Build.0 = Release|x86
		{E7F5A1E1-EF74-42A9-830E-3CD27060CEDD}.Debug|Any CPU.ActiveCfg = Debug|Any CPU
		{E7F5A1E1-EF74-42A9-830E-3CD27060CEDD}.Debug|Any CPU.Build.0 = Debug|Any CPU
		{E7F5A1E1-EF74-42A9-830E-3CD27060CEDD}.Debug|Mixed Platforms.ActiveCfg = Debug|Any CPU
		{E7F5A1E1-EF74-42A9-830E-3CD27060CEDD}.Debug|Mixed Platforms.Build.0 = Debug|Any CPU
		{E7F5A1E1-EF74-42A9-830E-3CD27060CEDD}.Debug|x64.ActiveCfg = Debug|Any CPU
		{E7F5A1E1-EF74-42A9-830E-3CD27060CEDD}.Debug|x64.Build.0 = Debug|Any CPU
		{E7F5A1E1-EF74-42A9-830E-3CD27060CEDD}.Debug|x86.ActiveCfg = Debug|Any CPU
		{E7F5A1E1-EF74-42A9-830E-3CD27060CEDD}.Debug|x86.Build.0 = Debug|Any CPU
		{E7F5A1E1-EF74-42A9-830E-3CD27060CEDD}.Release|Any CPU.ActiveCfg = Release|Any CPU
		{E7F5A1E1-EF74-42A9-830E-3CD27060CEDD}.Release|Mixed Platforms.ActiveCfg = Release|Any CPU
		{E7F5A1E1-EF74-42A9-830E-3CD27060CEDD}.Release|Mixed Platforms.Build.0 = Release|Any CPU
		{E7F5A1E1-EF74-42A9-830E-3CD27060CEDD}.Release|x64.ActiveCfg = Release|Any CPU
		{E7F5A1E1-EF74-42A9-830E-3CD27060CEDD}.Release|x64.Build.0 = Release|Any CPU
		{E7F5A1E1-EF74-42A9-830E-3CD27060CEDD}.Release|x86.ActiveCfg = Release|Any CPU
		{E7F5A1E1-EF74-42A9-830E-3CD27060CEDD}.Release|x86.Build.0 = Release|Any CPU
		{6BC109E0-7E70-46EB-9137-5E60E8074CCC}.Debug|Any CPU.ActiveCfg = Debug|Any CPU
		{6BC109E0-7E70-46EB-9137-5E60E8074CCC}.Debug|Any CPU.Build.0 = Debug|Any CPU
		{6BC109E0-7E70-46EB-9137-5E60E8074CCC}.Debug|Mixed Platforms.ActiveCfg = Debug|Any CPU
		{6BC109E0-7E70-46EB-9137-5E60E8074CCC}.Debug|Mixed Platforms.Build.0 = Debug|Any CPU
		{6BC109E0-7E70-46EB-9137-5E60E8074CCC}.Debug|x64.ActiveCfg = Debug|Any CPU
		{6BC109E0-7E70-46EB-9137-5E60E8074CCC}.Debug|x64.Build.0 = Debug|Any CPU
		{6BC109E0-7E70-46EB-9137-5E60E8074CCC}.Debug|x86.ActiveCfg = Debug|Any CPU
		{6BC109E0-7E70-46EB-9137-5E60E8074CCC}.Release|Any CPU.ActiveCfg = Release|Any CPU
		{6BC109E0-7E70-46EB-9137-5E60E8074CCC}.Release|Any CPU.Build.0 = Release|Any CPU
		{6BC109E0-7E70-46EB-9137-5E60E8074CCC}.Release|Mixed Platforms.ActiveCfg = Release|Any CPU
		{6BC109E0-7E70-46EB-9137-5E60E8074CCC}.Release|Mixed Platforms.Build.0 = Release|Any CPU
		{6BC109E0-7E70-46EB-9137-5E60E8074CCC}.Release|x64.ActiveCfg = Release|Any CPU
		{6BC109E0-7E70-46EB-9137-5E60E8074CCC}.Release|x64.Build.0 = Release|Any CPU
		{6BC109E0-7E70-46EB-9137-5E60E8074CCC}.Release|x86.ActiveCfg = Release|Any CPU
		{E9CD4FF4-B336-4E43-AC8D-4B8B573D0AFA}.Debug|Any CPU.ActiveCfg = Debug|Any CPU
		{E9CD4FF4-B336-4E43-AC8D-4B8B573D0AFA}.Debug|Any CPU.Build.0 = Debug|Any CPU
		{E9CD4FF4-B336-4E43-AC8D-4B8B573D0AFA}.Debug|Mixed Platforms.ActiveCfg = Debug|Any CPU
		{E9CD4FF4-B336-4E43-AC8D-4B8B573D0AFA}.Debug|Mixed Platforms.Build.0 = Debug|Any CPU
		{E9CD4FF4-B336-4E43-AC8D-4B8B573D0AFA}.Debug|x64.ActiveCfg = Debug|Any CPU
		{E9CD4FF4-B336-4E43-AC8D-4B8B573D0AFA}.Debug|x64.Build.0 = Debug|Any CPU
		{E9CD4FF4-B336-4E43-AC8D-4B8B573D0AFA}.Debug|x86.ActiveCfg = Debug|Any CPU
		{E9CD4FF4-B336-4E43-AC8D-4B8B573D0AFA}.Debug|x86.Build.0 = Debug|Any CPU
		{E9CD4FF4-B336-4E43-AC8D-4B8B573D0AFA}.Release|Any CPU.ActiveCfg = Release|Any CPU
		{E9CD4FF4-B336-4E43-AC8D-4B8B573D0AFA}.Release|Any CPU.Build.0 = Release|Any CPU
		{E9CD4FF4-B336-4E43-AC8D-4B8B573D0AFA}.Release|Mixed Platforms.ActiveCfg = Release|Any CPU
		{E9CD4FF4-B336-4E43-AC8D-4B8B573D0AFA}.Release|Mixed Platforms.Build.0 = Release|Any CPU
		{E9CD4FF4-B336-4E43-AC8D-4B8B573D0AFA}.Release|x64.ActiveCfg = Release|Any CPU
		{E9CD4FF4-B336-4E43-AC8D-4B8B573D0AFA}.Release|x64.Build.0 = Release|Any CPU
		{E9CD4FF4-B336-4E43-AC8D-4B8B573D0AFA}.Release|x86.ActiveCfg = Release|Any CPU
		{E9CD4FF4-B336-4E43-AC8D-4B8B573D0AFA}.Release|x86.Build.0 = Release|Any CPU
		{6BEE4BFE-BFB0-44D7-ADDE-521505D1B001}.Debug|Any CPU.ActiveCfg = Debug|Any CPU
		{6BEE4BFE-BFB0-44D7-ADDE-521505D1B001}.Debug|Any CPU.Build.0 = Debug|Any CPU
		{6BEE4BFE-BFB0-44D7-ADDE-521505D1B001}.Debug|Mixed Platforms.ActiveCfg = Debug|Any CPU
		{6BEE4BFE-BFB0-44D7-ADDE-521505D1B001}.Debug|Mixed Platforms.Build.0 = Debug|Any CPU
		{6BEE4BFE-BFB0-44D7-ADDE-521505D1B001}.Debug|x64.ActiveCfg = Debug|Any CPU
		{6BEE4BFE-BFB0-44D7-ADDE-521505D1B001}.Debug|x64.Build.0 = Debug|Any CPU
		{6BEE4BFE-BFB0-44D7-ADDE-521505D1B001}.Debug|x86.ActiveCfg = Debug|Any CPU
		{6BEE4BFE-BFB0-44D7-ADDE-521505D1B001}.Debug|x86.Build.0 = Debug|Any CPU
		{6BEE4BFE-BFB0-44D7-ADDE-521505D1B001}.Release|Any CPU.ActiveCfg = Release|Any CPU
		{6BEE4BFE-BFB0-44D7-ADDE-521505D1B001}.Release|Any CPU.Build.0 = Release|Any CPU
		{6BEE4BFE-BFB0-44D7-ADDE-521505D1B001}.Release|Mixed Platforms.ActiveCfg = Release|Any CPU
		{6BEE4BFE-BFB0-44D7-ADDE-521505D1B001}.Release|Mixed Platforms.Build.0 = Release|Any CPU
		{6BEE4BFE-BFB0-44D7-ADDE-521505D1B001}.Release|x64.ActiveCfg = Release|Any CPU
		{6BEE4BFE-BFB0-44D7-ADDE-521505D1B001}.Release|x64.Build.0 = Release|Any CPU
		{6BEE4BFE-BFB0-44D7-ADDE-521505D1B001}.Release|x86.ActiveCfg = Release|Any CPU
		{6BEE4BFE-BFB0-44D7-ADDE-521505D1B001}.Release|x86.Build.0 = Release|Any CPU
		{50378377-AFAA-453F-84E4-5C57EDBDC866}.Debug|Any CPU.ActiveCfg = Debug|Any CPU
		{50378377-AFAA-453F-84E4-5C57EDBDC866}.Debug|Any CPU.Build.0 = Debug|Any CPU
		{50378377-AFAA-453F-84E4-5C57EDBDC866}.Debug|Mixed Platforms.ActiveCfg = Debug|Any CPU
		{50378377-AFAA-453F-84E4-5C57EDBDC866}.Debug|Mixed Platforms.Build.0 = Debug|Any CPU
		{50378377-AFAA-453F-84E4-5C57EDBDC866}.Debug|x64.ActiveCfg = Debug|Any CPU
		{50378377-AFAA-453F-84E4-5C57EDBDC866}.Debug|x64.Build.0 = Debug|Any CPU
		{50378377-AFAA-453F-84E4-5C57EDBDC866}.Debug|x86.ActiveCfg = Debug|Any CPU
		{50378377-AFAA-453F-84E4-5C57EDBDC866}.Debug|x86.Build.0 = Debug|Any CPU
		{50378377-AFAA-453F-84E4-5C57EDBDC866}.Release|Any CPU.ActiveCfg = Release|Any CPU
		{50378377-AFAA-453F-84E4-5C57EDBDC866}.Release|Any CPU.Build.0 = Release|Any CPU
		{50378377-AFAA-453F-84E4-5C57EDBDC866}.Release|Mixed Platforms.ActiveCfg = Release|Any CPU
		{50378377-AFAA-453F-84E4-5C57EDBDC866}.Release|Mixed Platforms.Build.0 = Release|Any CPU
		{50378377-AFAA-453F-84E4-5C57EDBDC866}.Release|x64.ActiveCfg = Release|Any CPU
		{50378377-AFAA-453F-84E4-5C57EDBDC866}.Release|x64.Build.0 = Release|Any CPU
		{50378377-AFAA-453F-84E4-5C57EDBDC866}.Release|x86.ActiveCfg = Release|Any CPU
		{50378377-AFAA-453F-84E4-5C57EDBDC866}.Release|x86.Build.0 = Release|Any CPU
		{306F2418-AD6B-449E-8ECE-F35E385EF2E2}.Debug|Any CPU.ActiveCfg = Debug|Any CPU
		{306F2418-AD6B-449E-8ECE-F35E385EF2E2}.Debug|Any CPU.Build.0 = Debug|Any CPU
		{306F2418-AD6B-449E-8ECE-F35E385EF2E2}.Debug|Mixed Platforms.ActiveCfg = Debug|Any CPU
		{306F2418-AD6B-449E-8ECE-F35E385EF2E2}.Debug|Mixed Platforms.Build.0 = Debug|Any CPU
		{306F2418-AD6B-449E-8ECE-F35E385EF2E2}.Debug|x64.ActiveCfg = Debug|x64
		{306F2418-AD6B-449E-8ECE-F35E385EF2E2}.Debug|x64.Build.0 = Debug|x64
		{306F2418-AD6B-449E-8ECE-F35E385EF2E2}.Debug|x86.ActiveCfg = Debug|Any CPU
		{306F2418-AD6B-449E-8ECE-F35E385EF2E2}.Debug|x86.Build.0 = Debug|Any CPU
		{306F2418-AD6B-449E-8ECE-F35E385EF2E2}.Release|Any CPU.ActiveCfg = Release|Any CPU
		{306F2418-AD6B-449E-8ECE-F35E385EF2E2}.Release|Any CPU.Build.0 = Release|Any CPU
		{306F2418-AD6B-449E-8ECE-F35E385EF2E2}.Release|Mixed Platforms.ActiveCfg = Release|Any CPU
		{306F2418-AD6B-449E-8ECE-F35E385EF2E2}.Release|Mixed Platforms.Build.0 = Release|Any CPU
		{306F2418-AD6B-449E-8ECE-F35E385EF2E2}.Release|x64.ActiveCfg = Release|x64
		{306F2418-AD6B-449E-8ECE-F35E385EF2E2}.Release|x64.Build.0 = Release|x64
		{306F2418-AD6B-449E-8ECE-F35E385EF2E2}.Release|x86.ActiveCfg = Release|Any CPU
		{306F2418-AD6B-449E-8ECE-F35E385EF2E2}.Release|x86.Build.0 = Release|Any CPU
		{4288978C-911D-4162-B21B-68B46ACB627F}.Debug|Any CPU.ActiveCfg = Debug|Any CPU
		{4288978C-911D-4162-B21B-68B46ACB627F}.Debug|Any CPU.Build.0 = Debug|Any CPU
		{4288978C-911D-4162-B21B-68B46ACB627F}.Debug|Mixed Platforms.ActiveCfg = Debug|Any CPU
		{4288978C-911D-4162-B21B-68B46ACB627F}.Debug|Mixed Platforms.Build.0 = Debug|Any CPU
		{4288978C-911D-4162-B21B-68B46ACB627F}.Debug|x64.ActiveCfg = Debug|Any CPU
		{4288978C-911D-4162-B21B-68B46ACB627F}.Debug|x64.Build.0 = Debug|Any CPU
		{4288978C-911D-4162-B21B-68B46ACB627F}.Debug|x86.ActiveCfg = Debug|Any CPU
		{4288978C-911D-4162-B21B-68B46ACB627F}.Debug|x86.Build.0 = Debug|Any CPU
		{4288978C-911D-4162-B21B-68B46ACB627F}.Release|Any CPU.ActiveCfg = Release|Any CPU
		{4288978C-911D-4162-B21B-68B46ACB627F}.Release|Any CPU.Build.0 = Release|Any CPU
		{4288978C-911D-4162-B21B-68B46ACB627F}.Release|Mixed Platforms.ActiveCfg = Release|Any CPU
		{4288978C-911D-4162-B21B-68B46ACB627F}.Release|Mixed Platforms.Build.0 = Release|Any CPU
		{4288978C-911D-4162-B21B-68B46ACB627F}.Release|x64.ActiveCfg = Release|Any CPU
		{4288978C-911D-4162-B21B-68B46ACB627F}.Release|x64.Build.0 = Release|Any CPU
		{4288978C-911D-4162-B21B-68B46ACB627F}.Release|x86.ActiveCfg = Release|Any CPU
		{4288978C-911D-4162-B21B-68B46ACB627F}.Release|x86.Build.0 = Release|Any CPU
	EndGlobalSection
	GlobalSection(SolutionProperties) = preSolution
		HideSolutionNode = FALSE
	EndGlobalSection
EndGlobal
